
Microsoft Visual Studio Solution File, Format Version 12.00
# Visual Studio Version 17
VisualStudioVersion = 17.0.31903.59
MinimumVisualStudioVersion = 10.0.40219.1
Project("{2150E333-8FDC-42A3-9474-1A3956D46DE8}") = "src", "src", "{827E0CD3-B72D-47B6-A68D-7590B98EB39B}"
EndProject
Project("{FAE04EC0-301F-11D3-BF4B-00C04F79EFBC}") = "AcceptanceSpecSystem.Core", "src\AcceptanceSpecSystem.Core\AcceptanceSpecSystem.Core.csproj", "{FFD0AF6A-32EA-4B86-94C1-89150C223500}"
EndProject
Project("{FAE04EC0-301F-11D3-BF4B-00C04F79EFBC}") = "AcceptanceSpecSystem.Data", "src\AcceptanceSpecSystem.Data\AcceptanceSpecSystem.Data.csproj", "{42CDC44D-9ED6-4D70-9A21-64CE8E7E5CC0}"
EndProject
Project("{2150E333-8FDC-42A3-9474-1A3956D46DE8}") = "tests", "tests", "{0AB3BF05-4346-4AA6-1389-037BE0695223}"
EndProject
Project("{FAE04EC0-301F-11D3-BF4B-00C04F79EFBC}") = "AcceptanceSpecSystem.Core.Tests", "tests\AcceptanceSpecSystem.Core.Tests\AcceptanceSpecSystem.Core.Tests.csproj", "{FE39CF94-9B48-4676-9CB8-BF466FD1098E}"
EndProject
Project("{FAE04EC0-301F-11D3-BF4B-00C04F79EFBC}") = "AcceptanceSpecSystem.Data.Tests", "tests\AcceptanceSpecSystem.Data.Tests\AcceptanceSpecSystem.Data.Tests.csproj", "{1C72BEBF-44EC-4665-97EE-59EFA51BB227}"
EndProject
Project("{FAE04EC0-301F-11D3-BF4B-00C04F79EFBC}") = "AcceptanceSpecSystem.Api.Tests", "tests\AcceptanceSpecSystem.Api.Tests\AcceptanceSpecSystem.Api.Tests.csproj", "{B6F0D8D2-6C0C-4A9D-B9F2-2D9429DDC2B1}"
EndProject
Project("{FAE04EC0-301F-11D3-BF4B-00C04F79EFBC}") = "AcceptanceSpecSystem.Api", "src\AcceptanceSpecSystem.Api\AcceptanceSpecSystem.Api.csproj", "{CCCFA1F8-D154-440E-B52C-3680D1FA40A9}"
EndProject
Global
	GlobalSection(SolutionConfigurationPlatforms) = preSolution
		Debug|Any CPU = Debug|Any CPU
		Debug|x64 = Debug|x64
		Debug|x86 = Debug|x86
		Release|Any CPU = Release|Any CPU
		Release|x64 = Release|x64
		Release|x86 = Release|x86
	EndGlobalSection
	GlobalSection(ProjectConfigurationPlatforms) = postSolution
		{FFD0AF6A-32EA-4B86-94C1-89150C223500}.Debug|Any CPU.ActiveCfg = Debug|Any CPU
		{FFD0AF6A-32EA-4B86-94C1-89150C223500}.Debug|Any CPU.Build.0 = Debug|Any CPU
		{FFD0AF6A-32EA-4B86-94C1-89150C223500}.Debug|x64.ActiveCfg = Debug|Any CPU
		{FFD0AF6A-32EA-4B86-94C1-89150C223500}.Debug|x64.Build.0 = Debug|Any CPU
		{FFD0AF6A-32EA-4B86-94C1-89150C223500}.Debug|x86.ActiveCfg = Debug|Any CPU
		{FFD0AF6A-32EA-4B86-94C1-89150C223500}.Debug|x86.Build.0 = Debug|Any CPU
		{FFD0AF6A-32EA-4B86-94C1-89150C223500}.Release|Any CPU.ActiveCfg = Release|Any CPU
		{FFD0AF6A-32EA-4B86-94C1-89150C223500}.Release|Any CPU.Build.0 = Release|Any CPU
		{FFD0AF6A-32EA-4B86-94C1-89150C223500}.Release|x64.ActiveCfg = Release|Any CPU
		{FFD0AF6A-32EA-4B86-94C1-89150C223500}.Release|x64.Build.0 = Release|Any CPU
		{FFD0AF6A-32EA-4B86-94C1-89150C223500}.Release|x86.ActiveCfg = Release|Any CPU
		{FFD0AF6A-32EA-4B86-94C1-89150C223500}.Release|x86.Build.0 = Release|Any CPU
		{42CDC44D-9ED6-4D70-9A21-64CE8E7E5CC0}.Debug|Any CPU.ActiveCfg = Debug|Any CPU
		{42CDC44D-9ED6-4D70-9A21-64CE8E7E5CC0}.Debug|Any CPU.Build.0 = Debug|Any CPU
		{42CDC44D-9ED6-4D70-9A21-64CE8E7E5CC0}.Debug|x64.ActiveCfg = Debug|Any CPU
		{42CDC44D-9ED6-4D70-9A21-64CE8E7E5CC0}.Debug|x64.Build.0 = Debug|Any CPU
		{42CDC44D-9ED6-4D70-9A21-64CE8E7E5CC0}.Debug|x86.ActiveCfg = Debug|Any CPU
		{42CDC44D-9ED6-4D70-9A21-64CE8E7E5CC0}.Debug|x86.Build.0 = Debug|Any CPU
		{42CDC44D-9ED6-4D70-9A21-64CE8E7E5CC0}.Release|Any CPU.ActiveCfg = Release|Any CPU
		{42CDC44D-9ED6-4D70-9A21-64CE8E7E5CC0}.Release|Any CPU.Build.0 = Release|Any CPU
		{42CDC44D-9ED6-4D70-9A21-64CE8E7E5CC0}.Release|x64.ActiveCfg = Release|Any CPU
		{42CDC44D-9ED6-4D70-9A21-64CE8E7E5CC0}.Release|x64.Build.0 = Release|Any CPU
		{42CDC44D-9ED6-4D70-9A21-64CE8E7E5CC0}.Release|x86.ActiveCfg = Release|Any CPU
		{42CDC44D-9ED6-4D70-9A21-64CE8E7E5CC0}.Release|x86.Build.0 = Release|Any CPU
		{FE39CF94-9B48-4676-9CB8-BF466FD1098E}.Debug|Any CPU.ActiveCfg = Debug|Any CPU
		{FE39CF94-9B48-4676-9CB8-BF466FD1098E}.Debug|Any CPU.Build.0 = Debug|Any CPU
		{FE39CF94-9B48-4676-9CB8-BF466FD1098E}.Debug|x64.ActiveCfg = Debug|Any CPU
		{FE39CF94-9B48-4676-9CB8-BF466FD1098E}.Debug|x64.Build.0 = Debug|Any CPU
		{FE39CF94-9B48-4676-9CB8-BF466FD1098E}.Debug|x86.ActiveCfg = Debug|Any CPU
		{FE39CF94-9B48-4676-9CB8-BF466FD1098E}.Debug|x86.Build.0 = Debug|Any CPU
		{FE39CF94-9B48-4676-9CB8-BF466FD1098E}.Release|Any CPU.ActiveCfg = Release|Any CPU
		{FE39CF94-9B48-4676-9CB8-BF466FD1098E}.Release|Any CPU.Build.0 = Release|Any CPU
		{FE39CF94-9B48-4676-9CB8-BF466FD1098E}.Release|x64.ActiveCfg = Release|Any CPU
		{FE39CF94-9B48-4676-9CB8-BF466FD1098E}.Release|x64.Build.0 = Release|Any CPU
		{FE39CF94-9B48-4676-9CB8-BF466FD1098E}.Release|x86.ActiveCfg = Release|Any CPU
		{FE39CF94-9B48-4676-9CB8-BF466FD1098E}.Release|x86.Build.0 = Release|Any CPU
		{1C72BEBF-44EC-4665-97EE-59EFA51BB227}.Debug|Any CPU.ActiveCfg = Debug|Any CPU
		{1C72BEBF-44EC-4665-97EE-59EFA51BB227}.Debug|Any CPU.Build.0 = Debug|Any CPU
		{1C72BEBF-44EC-4665-97EE-59EFA51BB227}.Debug|x64.ActiveCfg = Debug|Any CPU
		{1C72BEBF-44EC-4665-97EE-59EFA51BB227}.Debug|x64.Build.0 = Debug|Any CPU
		{1C72BEBF-44EC-4665-97EE-59EFA51BB227}.Debug|x86.ActiveCfg = Debug|Any CPU
		{1C72BEBF-44EC-4665-97EE-59EFA51BB227}.Debug|x86.Build.0 = Debug|Any CPU
		{1C72BEBF-44EC-4665-97EE-59EFA51BB227}.Release|Any CPU.ActiveCfg = Release|Any CPU
		{1C72BEBF-44EC-4665-97EE-59EFA51BB227}.Release|Any CPU.Build.0 = Release|Any CPU
		{1C72BEBF-44EC-4665-97EE-59EFA51BB227}.Release|x64.ActiveCfg = Release|Any CPU
		{1C72BEBF-44EC-4665-97EE-59EFA51BB227}.Release|x64.Build.0 = Release|Any CPU
		{1C72BEBF-44EC-4665-97EE-59EFA51BB227}.Release|x86.ActiveCfg = Release|Any CPU
		{1C72BEBF-44EC-4665-97EE-59EFA51BB227}.Release|x86.Build.0 = Release|Any CPU
		{B6F0D8D2-6C0C-4A9D-B9F2-2D9429DDC2B1}.Debug|Any CPU.ActiveCfg = Debug|Any CPU
		{B6F0D8D2-6C0C-4A9D-B9F2-2D9429DDC2B1}.Debug|Any CPU.Build.0 = Debug|Any CPU
		{B6F0D8D2-6C0C-4A9D-B9F2-2D9429DDC2B1}.Debug|x64.ActiveCfg = Debug|Any CPU
		{B6F0D8D2-6C0C-4A9D-B9F2-2D9429DDC2B1}.Debug|x64.Build.0 = Debug|Any CPU
		{B6F0D8D2-6C0C-4A9D-B9F2-2D9429DDC2B1}.Debug|x86.ActiveCfg = Debug|Any CPU
		{B6F0D8D2-6C0C-4A9D-B9F2-2D9429DDC2B1}.Debug|x86.Build.0 = Debug|Any CPU
		{B6F0D8D2-6C0C-4A9D-B9F2-2D9429DDC2B1}.Release|Any CPU.ActiveCfg = Release|Any CPU
		{B6F0D8D2-6C0C-4A9D-B9F2-2D9429DDC2B1}.Release|Any CPU.Build.0 = Release|Any CPU
		{B6F0D8D2-6C0C-4A9D-B9F2-2D9429DDC2B1}.Release|x64.ActiveCfg = Release|Any CPU
		{B6F0D8D2-6C0C-4A9D-B9F2-2D9429DDC2B1}.Release|x64.Build.0 = Release|Any CPU
		{B6F0D8D2-6C0C-4A9D-B9F2-2D9429DDC2B1}.Release|x86.ActiveCfg = Release|Any CPU
		{B6F0D8D2-6C0C-4A9D-B9F2-2D9429DDC2B1}.Release|x86.Build.0 = Release|Any CPU
		{CCCFA1F8-D154-440E-B52C-3680D1FA40A9}.Debug|Any CPU.ActiveCfg = Debug|Any CPU
		{CCCFA1F8-D154-440E-B52C-3680D1FA40A9}.Debug|Any CPU.Build.0 = Debug|Any CPU
		{CCCFA1F8-D154-440E-B52C-3680D1FA40A9}.Debug|x64.ActiveCfg = Debug|Any CPU
		{CCCFA1F8-D154-440E-B52C-3680D1FA40A9}.Debug|x64.Build.0 = Debug|Any CPU
		{CCCFA1F8-D154-440E-B52C-3680D1FA40A9}.Debug|x86.ActiveCfg = Debug|Any CPU
		{CCCFA1F8-D154-440E-B52C-3680D1FA40A9}.Debug|x86.Build.0 = Debug|Any CPU
		{CCCFA1F8-D154-440E-B52C-3680D1FA40A9}.Release|Any CPU.ActiveCfg = Release|Any CPU
		{CCCFA1F8-D154-440E-B52C-3680D1FA40A9}.Release|Any CPU.Build.0 = Release|Any CPU
		{CCCFA1F8-D154-440E-B52C-3680D1FA40A9}.Release|x64.ActiveCfg = Release|Any CPU
		{CCCFA1F8-D154-440E-B52C-3680D1FA40A9}.Release|x64.Build.0 = Release|Any CPU
		{CCCFA1F8-D154-440E-B52C-3680D1FA40A9}.Release|x86.ActiveCfg = Release|Any CPU
		{CCCFA1F8-D154-440E-B52C-3680D1FA40A9}.Release|x86.Build.0 = Release|Any CPU
	EndGlobalSection
	GlobalSection(SolutionProperties) = preSolution
		HideSolutionNode = FALSE
	EndGlobalSection
	GlobalSection(NestedProjects) = preSolution
		{FFD0AF6A-32EA-4B86-94C1-89150C223500} = {827E0CD3-B72D-47B6-A68D-7590B98EB39B}
		{42CDC44D-9ED6-4D70-9A21-64CE8E7E5CC0} = {827E0CD3-B72D-47B6-A68D-7590B98EB39B}
		{FE39CF94-9B48-4676-9CB8-BF466FD1098E} = {0AB3BF05-4346-4AA6-1389-037BE0695223}
		{1C72BEBF-44EC-4665-97EE-59EFA51BB227} = {0AB3BF05-4346-4AA6-1389-037BE0695223}
		{B6F0D8D2-6C0C-4A9D-B9F2-2D9429DDC2B1} = {0AB3BF05-4346-4AA6-1389-037BE0695223}
		{CCCFA1F8-D154-440E-B52C-3680D1FA40A9} = {827E0CD3-B72D-47B6-A68D-7590B98EB39B}
	EndGlobalSection
EndGlobal
